// !$*UTF8*$!
{
	archiveVersion = 1;
	classes = {
	};
	objectVersion = 47;
	objects = {

/* Begin PBXBuildFile section */
		AB3EADFD1D69B5CE004FD697 /* AppDelegate.swift in Sources */ = {isa = PBXBuildFile; fileRef = AB3EADFC1D69B5CE004FD697 /* AppDelegate.swift */; };
		AB3EADFF1D69B5CE004FD697 /* ViewController.swift in Sources */ = {isa = PBXBuildFile; fileRef = AB3EADFE1D69B5CE004FD697 /* ViewController.swift */; };
		AB3EAE021D69B5CE004FD697 /* Main.storyboard in Resources */ = {isa = PBXBuildFile; fileRef = AB3EAE001D69B5CE004FD697 /* Main.storyboard */; };
		AB3EAE041D69B5CE004FD697 /* Assets.xcassets in Resources */ = {isa = PBXBuildFile; fileRef = AB3EAE031D69B5CE004FD697 /* Assets.xcassets */; };
		AB3EAE071D69B5CE004FD697 /* LaunchScreen.storyboard in Resources */ = {isa = PBXBuildFile; fileRef = AB3EAE051D69B5CE004FD697 /* LaunchScreen.storyboard */; };
/* End PBXBuildFile section */

/* Begin PBXFileReference section */
		AB3EADF91D69B5CE004FD697 /* DatePicker.app */ = {isa = PBXFileReference; explicitFileType = wrapper.application; includeInIndex = 0; path = DatePicker.app; sourceTree = BUILT_PRODUCTS_DIR; };
		AB3EADFC1D69B5CE004FD697 /* AppDelegate.swift */ = {isa = PBXFileReference; lastKnownFileType = sourcecode.swift; path = AppDelegate.swift; sourceTree = "<group>"; };
		AB3EADFE1D69B5CE004FD697 /* ViewController.swift */ = {isa = PBXFileReference; lastKnownFileType = sourcecode.swift; path = ViewController.swift; sourceTree = "<group>"; };
		AB3EAE011D69B5CE004FD697 /* Base */ = {isa = PBXFileReference; lastKnownFileType = file.storyboard; name = Base; path = Base.lproj/Main.storyboard; sourceTree = "<group>"; };
		AB3EAE031D69B5CE004FD697 /* Assets.xcassets */ = {isa = PBXFileReference; lastKnownFileType = folder.assetcatalog; path = Assets.xcassets; sourceTree = "<group>"; };
		AB3EAE061D69B5CE004FD697 /* Base */ = {isa = PBXFileReference; lastKnownFileType = file.storyboard; name = Base; path = Base.lproj/LaunchScreen.storyboard; sourceTree = "<group>"; };
		AB3EAE081D69B5CE004FD697 /* Info.plist */ = {isa = PBXFileReference; lastKnownFileType = text.plist.xml; path = Info.plist; sourceTree = "<group>"; };
/* End PBXFileReference section */

/* Begin PBXFrameworksBuildPhase section */
		AB3EADF61D69B5CE004FD697 /* Frameworks */ = {
			isa = PBXFrameworksBuildPhase;
			buildActionMask = 2147483647;
			files = (
			);
			runOnlyForDeploymentPostprocessing = 0;
		};
/* End PBXFrameworksBuildPhase section */

/* Begin PBXGroup section */
		AB3EADF01D69B5CE004FD697 = {
			isa = PBXGroup;
			children = (
				AB3EADFB1D69B5CE004FD697 /* DatePicker */,
				AB3EADFA1D69B5CE004FD697 /* Products */,
			);
			sourceTree = "<group>";
		};
		AB3EADFA1D69B5CE004FD697 /* Products */ = {
			isa = PBXGroup;
			children = (
				AB3EADF91D69B5CE004FD697 /* DatePicker.app */,
			);
			name = Products;
			sourceTree = "<group>";
		};
		AB3EADFB1D69B5CE004FD697 /* DatePicker */ = {
			isa = PBXGroup;
			children = (
				AB3EADFC1D69B5CE004FD697 /* AppDelegate.swift */,
				AB3EADFE1D69B5CE004FD697 /* ViewController.swift */,
				AB3EAE001D69B5CE004FD697 /* Main.storyboard */,
				AB3EAE031D69B5CE004FD697 /* Assets.xcassets */,
				AB3EAE051D69B5CE004FD697 /* LaunchScreen.storyboard */,
				AB3EAE081D69B5CE004FD697 /* Info.plist */,
			);
			path = DatePicker;
			sourceTree = "<group>";
		};
/* End PBXGroup section */

/* Begin PBXNativeTarget section */
		AB3EADF81D69B5CE004FD697 /* DatePicker */ = {
			isa = PBXNativeTarget;
			buildConfigurationList = AB3EAE0B1D69B5CE004FD697 /* Build configuration list for PBXNativeTarget "DatePicker" */;
			buildPhases = (
				AB3EADF51D69B5CE004FD697 /* Sources */,
				AB3EADF61D69B5CE004FD697 /* Frameworks */,
				AB3EADF71D69B5CE004FD697 /* Resources */,
			);
			buildRules = (
			);
			dependencies = (
			);
			name = DatePicker;
			productName = DatePicker;
			productReference = AB3EADF91D69B5CE004FD697 /* DatePicker.app */;
			productType = "com.apple.product-type.application";
		};
/* End PBXNativeTarget section */

/* Begin PBXProject section */
		AB3EADF11D69B5CE004FD697 /* Project object */ = {
			isa = PBXProject;
			attributes = {
				LastSwiftUpdateCheck = 0730;
				LastUpgradeCheck = 0730;
				ORGANIZATIONNAME = "Hakchin Kim";
				TargetAttributes = {
					AB3EADF81D69B5CE004FD697 = {
						CreatedOnToolsVersion = 7.3.1;
					};
				};
			};
			buildConfigurationList = AB3EADF41D69B5CE004FD697 /* Build configuration list for PBXProject "DatePicker" */;
			compatibilityVersion = "Xcode 6.3";
			developmentRegion = English;
			hasScannedForEncodings = 0;
			knownRegions = (
				en,
				Base,
			);
			mainGroup = AB3EADF01D69B5CE004FD697;
			productRefGroup = AB3EADFA1D69B5CE004FD697 /* Products */;
			projectDirPath = "";
			projectRoot = "";
			targets = (
				AB3EADF81D69B5CE004FD697 /* DatePicker */,
			);
		};
/* End PBXProject section */

/* Begin PBXResourcesBuildPhase section */
		AB3EADF71D69B5CE004FD697 /* Resources */ = {
			isa = PBXResourcesBuildPhase;
			buildActionMask = 2147483647;
			files = (
				AB3EAE071D69B5CE004FD697 /* LaunchScreen.storyboard in Resources */,
				AB3EAE041D69B5CE004FD697 /* Assets.xcassets in Resources */,
				AB3EAE021D69B5CE004FD697 /* Main.storyboard in Resources */,
			);
			runOnlyForDeploymentPostprocessing = 0;
		};
/* End PBXResourcesBuildPhase section */

/* Begin PBXSourcesBuildPhase section */
		AB3EADF51D69B5CE004FD697 /* Sources */ = {
			isa = PBXSourcesBuildPhase;
			buildActionMask = 2147483647;
			files = (
				AB3EADFF1D69B5CE004FD697 /* ViewController.swift in Sources */,
				AB3EADFD1D69B5CE004FD697 /* AppDelegate.swift in Sources */,
			);
			runOnlyForDeploymentPostprocessing = 0;
		};
/* End PBXSourcesBuildPhase section */

/* Begin PBXVariantGroup section */
		AB3EAE001D69B5CE004FD697 /* Main.storyboard */ = {
			isa = PBXVariantGroup;
			children = (
				AB3EAE011D69B5CE004FD697 /* Base */,
			);
			name = Main.storyboard;
			sourceTree = "<group>";
		};
		AB3EAE051D69B5CE004FD697 /* LaunchScreen.storyboard */ = {
			isa = PBXVariantGroup;
			children = (
				AB3EAE061D69B5CE004FD697 /* Base */,
			);
			name = LaunchScreen.storyboard;
			sourceTree = "<group>";
		};
/* End PBXVariantGroup section */

/* Begin XCBuildConfiguration section */
		AB3EAE091D69B5CE004FD697 /* Debug */ = {
			isa = XCBuildConfiguration;
			buildSettings = {
				ALWAYS_SEARCH_USER_PATHS = NO;
				CLANG_ANALYZER_NONNULL = YES;
				CLANG_CXX_LANGUAGE_STANDARD = "gnu++0x";
				CLANG_CXX_LIBRARY = "libc++";
				CLANG_ENABLE_MODULES = YES;
				CLANG_ENABLE_OBJC_ARC = YES;
				CLANG_WARN_BOOL_CONVERSION = YES;
				CLANG_WARN_CONSTANT_CONVERSION = YES;
				CLANG_WARN_DIRECT_OBJC_ISA_USAGE = YES_ERROR;
				CLANG_WARN_EMPTY_BODY = YES;
				CLANG_WARN_ENUM_CONVERSION = YES;
				CLANG_WARN_INT_CONVERSION = YES;
				CLANG_WARN_OBJC_ROOT_CLASS = YES_ERROR;
				CLANG_WARN_UNREACHABLE_CODE = YES;
				CLANG_WARN__DUPLICATE_METHOD_MATCH = YES;
				"CODE_SIGN_IDENTITY[sdk=iphoneos*]" = "iPhone Developer";
				COPY_PHASE_STRIP = NO;
				DEBUG_INFORMATION_FORMAT = dwarf;
				ENABLE_STRICT_OBJC_MSGSEND = YES;
				ENABLE_TESTABILITY = YES;
				GCC_C_LANGUAGE_STANDARD = gnu99;
				GCC_DYNAMIC_NO_PIC = NO;
				GCC_NO_COMMON_BLOCKS = YES;
				GCC_OPTIMIZATION_LEVEL = 0;
				GCC_PREPROCESSOR_DEFINITIONS = (
					"DEBUG=1",
					"$(inherited)",
				);
				GCC_WARN_64_TO_32_BIT_CONVERSION = YES;
				GCC_WARN_ABOUT_RETURN_TYPE = YES_ERROR;
				GCC_WARN_UNDECLARED_SELECTOR = YES;
				GCC_WARN_UNINITIALIZED_AUTOS = YES_AGGRESSIVE;
				GCC_WARN_UNUSED_FUNCTION = YES;
				GCC_WARN_UNUSED_VARIABLE = YES;
				IPHONEOS_DEPLOYMENT_TARGET = 9.3;
				MTL_ENABLE_DEBUG_INFO = YES;
				ONLY_ACTIVE_ARCH = YES;
				SDKROOT = iphoneos;
				SWIFT_OPTIMIZATION_LEVEL = "-Onone";
			};
			name = Debug;
		};
		AB3EAE0A1D69B5CE004FD697 /* Release */ = {
			isa = XCBuildConfiguration;
			buildSettings = {
				ALWAYS_SEARCH_USER_PATHS = NO;
				CLANG_ANALYZER_NONNULL = YES;
				CLANG_CXX_LANGUAGE_STANDARD = "gnu++0x";
				CLANG_CXX_LIBRARY = "libc++";
				CLANG_ENABLE_MODULES = YES;
				CLANG_ENABLE_OBJC_ARC = YES;
				CLANG_WARN_BOOL_CONVERSION = YES;
				CLANG_WARN_CONSTANT_CONVERSION = YES;
				CLANG_WARN_DIRECT_OBJC_ISA_USAGE = YES_ERROR;
				CLANG_WARN_EMPTY_BODY = YES;
				CLANG_WARN_ENUM_CONVERSION = YES;
				CLANG_WARN_INT_CONVERSION = YES;
				CLANG_WARN_OBJC_ROOT_CLASS = YES_ERROR;
				CLANG_WARN_UNREACHABLE_CODE = YES;
				CLANG_WARN__DUPLICATE_METHOD_MATCH = YES;
				"CODE_SIGN_IDENTITY[sdk=iphoneos*]" = "iPhone Developer";
				COPY_PHASE_STRIP = NO;
				DEBUG_INFORMATION_FORMAT = "dwarf-with-dsym";
				ENABLE_NS_ASSERTIONS = NO;
				ENABLE_STRICT_OBJC_MSGSEND = YES;
				GCC_C_LANGUAGE_STANDARD = gnu99;
				GCC_NO_COMMON_BLOCKS = YES;
				GCC_WARN_64_TO_32_BIT_CONVERSION = YES;
				GCC_WARN_ABOUT_RETURN_TYPE = YES_ERROR;
				GCC_WARN_UNDECLARED_SELECTOR = YES;
				GCC_WARN_UNINITIALIZED_AUTOS = YES_AGGRESSIVE;
				GCC_WARN_UNUSED_FUNCTION = YES;
				GCC_WARN_UNUSED_VARIABLE = YES;
				IPHONEOS_DEPLOYMENT_TARGET = 9.3;
				MTL_ENABLE_DEBUG_INFO = NO;
				SDKROOT = iphoneos;
				VALIDATE_PRODUCT = YES;
			};
			name = Release;
		};
		AB3EAE0C1D69B5CE004FD697 /* Debug */ = {
			isa = XCBuildConfiguration;
			buildSettings = {
				ASSETCATALOG_COMPILER_APPICON_NAME = AppIcon;
				INFOPLIST_FILE = DatePicker/Info.plist;
				LD_RUNPATH_SEARCH_PATHS = "$(inherited) @executable_path/Frameworks";
				PRODUCT_BUNDLE_IDENTIFIER = com.ppoppo.DatePicker;
				PRODUCT_NAME = "$(TARGET_NAME)";
			};
			name = Debug;
		};
		AB3EAE0D1D69B5CE004FD697 /* Release */ = {
			isa = XCBuildConfiguration;
			buildSettings = {
				ASSETCATALOG_COMPILER_APPICON_NAME = AppIcon;
				INFOPLIST_FILE = DatePicker/Info.plist;
				LD_RUNPATH_SEARCH_PATHS = "$(inherited) @executable_path/Frameworks";
				PRODUCT_BUNDLE_IDENTIFIER = com.ppoppo.DatePicker;
				PRODUCT_NAME = "$(TARGET_NAME)";
			};
			name = Release;
		};
/* End XCBuildConfiguration section */

/* Begin XCConfigurationList section */
		AB3EADF41D69B5CE004FD697 /* Build configuration list for PBXProject "DatePicker" */ = {
			isa = XCConfigurationList;
			buildConfigurations = (
				AB3EAE091D69B5CE004FD697 /* Debug */,
				AB3EAE0A1D69B5CE004FD697 /* Release */,
			);
			defaultConfigurationIsVisible = 0;
			defaultConfigurationName = Release;
		};
		AB3EAE0B1D69B5CE004FD697 /* Build configuration list for PBXNativeTarget "DatePicker" */ = {
			isa = XCConfigurationList;
			buildConfigurations = (
				AB3EAE0C1D69B5CE004FD697 /* Debug */,
				AB3EAE0D1D69B5CE004FD697 /* Release */,
			);
			defaultConfigurationIsVisible = 0;
		};
/* End XCConfigurationList section */
	};
	rootObject = AB3EADF11D69B5CE004FD697 /* Project object */;
}
